
Microsoft Visual Studio Solution File, Format Version 12.00
# Visual Studio Version 17
VisualStudioVersion = 17.8.34316.72
MinimumVisualStudioVersion = 10.0.40219.1
Project("{9A19103F-16F7-4668-BE54-9A1E7A4F7556}") = "Markis", "Markis\Markis.csproj", "{16AC8B56-9D2A-4598-8F48-D5D08B765BC8}"
EndProject
Project("{2150E333-8FDC-42A3-9474-1A3956D46DE8}") = "Core", "Core", "{D2715675-333D-4856-B918-96FE2F42B945}"
EndProject
Project("{2150E333-8FDC-42A3-9474-1A3956D46DE8}") = "Infrastructure", "Infrastructure", "{C95EEC55-8BF7-42BE-A6C7-67891639D1D7}"
EndProject
Project("{2150E333-8FDC-42A3-9474-1A3956D46DE8}") = "Presentation", "Presentation", "{A7D0B4BD-96A9-4EB2-A972-5C07300BC075}"
EndProject
Project("{2150E333-8FDC-42A3-9474-1A3956D46DE8}") = "Shared", "Shared", "{733E5CF0-40C1-4B77-8B4B-AEE0F40FDAEB}"
EndProject
Project("{9A19103F-16F7-4668-BE54-9A1E7A4F7556}") = "Markis.Application", "Markis.Application\Markis.Application.csproj", "{3EB90BBA-B947-4AF6-87DB-4F5691A431A7}"
EndProject
Project("{9A19103F-16F7-4668-BE54-9A1E7A4F7556}") = "Markis.Domain", "Markis.Domain\Markis.Domain.csproj", "{4FE3A99B-F98F-4A7D-ACB0-47877E01AD39}"
EndProject
Project("{9A19103F-16F7-4668-BE54-9A1E7A4F7556}") = "Markis.Infrastructure", "Markis.Infrastructure\Markis.Infrastructure.csproj", "{5AFED45F-6BB6-4862-85FD-34EA8BD5F925}"
EndProject
Project("{9A19103F-16F7-4668-BE54-9A1E7A4F7556}") = "Markis.Shared", "Markis.Shared\Markis.Shared.csproj", "{29AA9127-0860-4228-8E0A-E24257F49752}"
EndProject
Project("{9A19103F-16F7-4668-BE54-9A1E7A4F7556}") = "Markis.Persistence", "Markis.Persistance\Markis.Persistence.csproj", "{7B29362B-3135-48E0-9A94-324C5A7995AB}"
EndProject
Global
	GlobalSection(SolutionConfigurationPlatforms) = preSolution
		Debug|Any CPU = Debug|Any CPU
		Release|Any CPU = Release|Any CPU
	EndGlobalSection
	GlobalSection(ProjectConfigurationPlatforms) = postSolution
		{16AC8B56-9D2A-4598-8F48-D5D08B765BC8}.Debug|Any CPU.ActiveCfg = Debug|Any CPU
		{16AC8B56-9D2A-4598-8F48-D5D08B765BC8}.Debug|Any CPU.Build.0 = Debug|Any CPU
		{16AC8B56-9D2A-4598-8F48-D5D08B765BC8}.Release|Any CPU.ActiveCfg = Release|Any CPU
		{16AC8B56-9D2A-4598-8F48-D5D08B765BC8}.Release|Any CPU.Build.0 = Release|Any CPU
		{3EB90BBA-B947-4AF6-87DB-4F5691A431A7}.Debug|Any CPU.ActiveCfg = Debug|Any CPU
		{3EB90BBA-B947-4AF6-87DB-4F5691A431A7}.Debug|Any CPU.Build.0 = Debug|Any CPU
		{3EB90BBA-B947-4AF6-87DB-4F5691A431A7}.Release|Any CPU.ActiveCfg = Release|Any CPU
		{3EB90BBA-B947-4AF6-87DB-4F5691A431A7}.Release|Any CPU.Build.0 = Release|Any CPU
		{4FE3A99B-F98F-4A7D-ACB0-47877E01AD39}.Debug|Any CPU.ActiveCfg = Debug|Any CPU
		{4FE3A99B-F98F-4A7D-ACB0-47877E01AD39}.Debug|Any CPU.Build.0 = Debug|Any CPU
		{4FE3A99B-F98F-4A7D-ACB0-47877E01AD39}.Release|Any CPU.ActiveCfg = Release|Any CPU
		{4FE3A99B-F98F-4A7D-ACB0-47877E01AD39}.Release|Any CPU.Build.0 = Release|Any CPU
		{5AFED45F-6BB6-4862-85FD-34EA8BD5F925}.Debug|Any CPU.ActiveCfg = Debug|Any CPU
		{5AFED45F-6BB6-4862-85FD-34EA8BD5F925}.Debug|Any CPU.Build.0 = Debug|Any CPU
		{5AFED45F-6BB6-4862-85FD-34EA8BD5F925}.Release|Any CPU.ActiveCfg = Release|Any CPU
		{5AFED45F-6BB6-4862-85FD-34EA8BD5F925}.Release|Any CPU.Build.0 = Release|Any CPU
		{29AA9127-0860-4228-8E0A-E24257F49752}.Debug|Any CPU.ActiveCfg = Debug|Any CPU
		{29AA9127-0860-4228-8E0A-E24257F49752}.Debug|Any CPU.Build.0 = Debug|Any CPU
		{29AA9127-0860-4228-8E0A-E24257F49752}.Release|Any CPU.ActiveCfg = Release|Any CPU
		{29AA9127-0860-4228-8E0A-E24257F49752}.Release|Any CPU.Build.0 = Release|Any CPU
		{7B29362B-3135-48E0-9A94-324C5A7995AB}.Debug|Any CPU.ActiveCfg = Debug|Any CPU
		{7B29362B-3135-48E0-9A94-324C5A7995AB}.Debug|Any CPU.Build.0 = Debug|Any CPU
		{7B29362B-3135-48E0-9A94-324C5A7995AB}.Release|Any CPU.ActiveCfg = Release|Any CPU
		{7B29362B-3135-48E0-9A94-324C5A7995AB}.Release|Any CPU.Build.0 = Release|Any CPU
	EndGlobalSection
	GlobalSection(SolutionProperties) = preSolution
		HideSolutionNode = FALSE
	EndGlobalSection
	GlobalSection(NestedProjects) = preSolution
		{16AC8B56-9D2A-4598-8F48-D5D08B765BC8} = {A7D0B4BD-96A9-4EB2-A972-5C07300BC075}
		{3EB90BBA-B947-4AF6-87DB-4F5691A431A7} = {D2715675-333D-4856-B918-96FE2F42B945}
		{4FE3A99B-F98F-4A7D-ACB0-47877E01AD39} = {D2715675-333D-4856-B918-96FE2F42B945}
		{5AFED45F-6BB6-4862-85FD-34EA8BD5F925} = {C95EEC55-8BF7-42BE-A6C7-67891639D1D7}
		{29AA9127-0860-4228-8E0A-E24257F49752} = {733E5CF0-40C1-4B77-8B4B-AEE0F40FDAEB}
		{7B29362B-3135-48E0-9A94-324C5A7995AB} = {C95EEC55-8BF7-42BE-A6C7-67891639D1D7}
	EndGlobalSection
	GlobalSection(ExtensibilityGlobals) = postSolution
		SolutionGuid = {DA99955D-9A3E-43DC-B2D4-7007AC587334}
	EndGlobalSection
EndGlobal
